
Microsoft Visual Studio Solution File, Format Version 12.00
# Visual Studio Version 16
VisualStudioVersion = 16.0.29424.173
MinimumVisualStudioVersion = 10.0.40219.1
Project("{FAE04EC0-301F-11D3-BF4B-00C04F79EFBC}") = "FitnessManager", "FitnessManager\FitnessManager.csproj", "{9433397C-7AB9-414B-8BA9-B063C1D4D832}"
EndProject
Global
	GlobalSection(SolutionConfigurationPlatforms) = preSolution
		Debug|Any CPU = Debug|Any CPU
		Release|Any CPU = Release|Any CPU
	EndGlobalSection
	GlobalSection(ProjectConfigurationPlatforms) = postSolution
		{9433397C-7AB9-414B-8BA9-B063C1D4D832}.Debug|Any CPU.ActiveCfg = Debug|Any CPU
		{9433397C-7AB9-414B-8BA9-B063C1D4D832}.Debug|Any CPU.Build.0 = Debug|Any CPU
		{9433397C-7AB9-414B-8BA9-B063C1D4D832}.Release|Any CPU.ActiveCfg = Release|Any CPU
		{9433397C-7AB9-414B-8BA9-B063C1D4D832}.Release|Any CPU.Build.0 = Release|Any CPU
	EndGlobalSection
	GlobalSection(SolutionProperties) = preSolution
		HideSolutionNode = FALSE
	EndGlobalSection
	GlobalSection(ExtensibilityGlobals) = postSolution
		SolutionGuid = {C1073644-93BD-4A48-BAE7-90914FB0E93C}
	EndGlobalSection
EndGlobal
